
Microsoft Visual Studio Solution File, Format Version 12.00
# Visual Studio Version 17
VisualStudioVersion = 17.7.34031.279
MinimumVisualStudioVersion = 10.0.40219.1
Project("{9A19103F-16F7-4668-BE54-9A1E7A4F7556}") = "SaphyreStudentDirectory.Server", "SaphyreStudentDirectory\Server\SaphyreStudentDirectory.Server.csproj", "{3FC7A16D-D2CC-4AEA-920C-7BBDD0F410B3}"
EndProject
Project("{9A19103F-16F7-4668-BE54-9A1E7A4F7556}") = "SaphyreStudentDirectory.Client", "SaphyreStudentDirectory\Client\SaphyreStudentDirectory.Client.csproj", "{161541FF-511D-4AA8-916D-7DAB3A5A41A1}"
EndProject
Project("{9A19103F-16F7-4668-BE54-9A1E7A4F7556}") = "SaphyreStudentDirectory.Domain", "SaphyreStudentDirectory\Shared\SaphyreStudentDirectory.Domain.csproj", "{087347A6-1786-4C99-A737-3B5D3C4F2545}"
EndProject
Project("{9A19103F-16F7-4668-BE54-9A1E7A4F7556}") = "SaphyreStudentDirectory.DAL", "SaphyreStudentDirectory.DAL\SaphyreStudentDirectory.DAL.csproj", "{F84A333A-22CF-4547-8DD4-3571FAB7FD39}"
EndProject
Project("{9A19103F-16F7-4668-BE54-9A1E7A4F7556}") = "SaphyreStudentDirectory.Domain.Services", "SaphyreStudentDirectory.Domain.Services\SaphyreStudentDirectory.Domain.Services.csproj", "{F05973FE-59E1-49A6-9E82-FC3181115E44}"
EndProject
Project("{9A19103F-16F7-4668-BE54-9A1E7A4F7556}") = "SaphyreStudentDirectory.Tests", "SaphyreStudentDirectory.Tests\SaphyreStudentDirectory.Tests.csproj", "{92809415-6635-4076-AAF5-68EC192809A7}"
EndProject
Global
	GlobalSection(SolutionConfigurationPlatforms) = preSolution
		Debug|Any CPU = Debug|Any CPU
		Release|Any CPU = Release|Any CPU
	EndGlobalSection
	GlobalSection(ProjectConfigurationPlatforms) = postSolution
		{3FC7A16D-D2CC-4AEA-920C-7BBDD0F410B3}.Debug|Any CPU.ActiveCfg = Debug|Any CPU
		{3FC7A16D-D2CC-4AEA-920C-7BBDD0F410B3}.Debug|Any CPU.Build.0 = Debug|Any CPU
		{3FC7A16D-D2CC-4AEA-920C-7BBDD0F410B3}.Release|Any CPU.ActiveCfg = Release|Any CPU
		{3FC7A16D-D2CC-4AEA-920C-7BBDD0F410B3}.Release|Any CPU.Build.0 = Release|Any CPU
		{161541FF-511D-4AA8-916D-7DAB3A5A41A1}.Debug|Any CPU.ActiveCfg = Debug|Any CPU
		{161541FF-511D-4AA8-916D-7DAB3A5A41A1}.Debug|Any CPU.Build.0 = Debug|Any CPU
		{161541FF-511D-4AA8-916D-7DAB3A5A41A1}.Release|Any CPU.ActiveCfg = Release|Any CPU
		{161541FF-511D-4AA8-916D-7DAB3A5A41A1}.Release|Any CPU.Build.0 = Release|Any CPU
		{087347A6-1786-4C99-A737-3B5D3C4F2545}.Debug|Any CPU.ActiveCfg = Debug|Any CPU
		{087347A6-1786-4C99-A737-3B5D3C4F2545}.Debug|Any CPU.Build.0 = Debug|Any CPU
		{087347A6-1786-4C99-A737-3B5D3C4F2545}.Release|Any CPU.ActiveCfg = Release|Any CPU
		{087347A6-1786-4C99-A737-3B5D3C4F2545}.Release|Any CPU.Build.0 = Release|Any CPU
		{F84A333A-22CF-4547-8DD4-3571FAB7FD39}.Debug|Any CPU.ActiveCfg = Debug|Any CPU
		{F84A333A-22CF-4547-8DD4-3571FAB7FD39}.Debug|Any CPU.Build.0 = Debug|Any CPU
		{F84A333A-22CF-4547-8DD4-3571FAB7FD39}.Release|Any CPU.ActiveCfg = Release|Any CPU
		{F84A333A-22CF-4547-8DD4-3571FAB7FD39}.Release|Any CPU.Build.0 = Release|Any CPU
		{F05973FE-59E1-49A6-9E82-FC3181115E44}.Debug|Any CPU.ActiveCfg = Debug|Any CPU
		{F05973FE-59E1-49A6-9E82-FC3181115E44}.Debug|Any CPU.Build.0 = Debug|Any CPU
		{F05973FE-59E1-49A6-9E82-FC3181115E44}.Release|Any CPU.ActiveCfg = Release|Any CPU
		{F05973FE-59E1-49A6-9E82-FC3181115E44}.Release|Any CPU.Build.0 = Release|Any CPU
		{92809415-6635-4076-AAF5-68EC192809A7}.Debug|Any CPU.ActiveCfg = Debug|Any CPU
		{92809415-6635-4076-AAF5-68EC192809A7}.Debug|Any CPU.Build.0 = Debug|Any CPU
		{92809415-6635-4076-AAF5-68EC192809A7}.Release|Any CPU.ActiveCfg = Release|Any CPU
		{92809415-6635-4076-AAF5-68EC192809A7}.Release|Any CPU.Build.0 = Release|Any CPU
	EndGlobalSection
	GlobalSection(SolutionProperties) = preSolution
		HideSolutionNode = FALSE
	EndGlobalSection
	GlobalSection(ExtensibilityGlobals) = postSolution
		SolutionGuid = {6ECFA354-C4C2-429A-8100-87C6F598F0A7}
	EndGlobalSection
EndGlobal
